
Microsoft Visual Studio Solution File, Format Version 12.00
# Visual Studio 15
VisualStudioVersion = 15.0.27130.2027
MinimumVisualStudioVersion = 10.0.40219.1
Project("{FAE04EC0-301F-11D3-BF4B-00C04F79EFBC}") = "TestDllMethod", "TestDllMethod\TestDllMethod.csproj", "{C6486899-A55F-4264-82A0-3B083C9308B8}"
EndProject
Global
	GlobalSection(SolutionConfigurationPlatforms) = preSolution
		Debug|Any CPU = Debug|Any CPU
		Release|Any CPU = Release|Any CPU
	EndGlobalSection
	GlobalSection(ProjectConfigurationPlatforms) = postSolution
		{C6486899-A55F-4264-82A0-3B083C9308B8}.Debug|Any CPU.ActiveCfg = Debug|Any CPU
		{C6486899-A55F-4264-82A0-3B083C9308B8}.Debug|Any CPU.Build.0 = Debug|Any CPU
		{C6486899-A55F-4264-82A0-3B083C9308B8}.Release|Any CPU.ActiveCfg = Release|Any CPU
		{C6486899-A55F-4264-82A0-3B083C9308B8}.Release|Any CPU.Build.0 = Release|Any CPU
	EndGlobalSection
	GlobalSection(SolutionProperties) = preSolution
		HideSolutionNode = FALSE
	EndGlobalSection
	GlobalSection(ExtensibilityGlobals) = postSolution
		SolutionGuid = {6E04316A-B80A-4DCA-A7C2-50B7AAED682A}
	EndGlobalSection
EndGlobal
